lock_version: 1
protocol:
  repository: https://github.com/Rusha-Corp/contract-engineering-skills.git
  ref: 68bd77db8c4db5dcc54bfc3e68091f9090febf3b
  release: 2.5.7
skills:
  phased-engineering-execution:
    version: 2.5.0
    sha256: e67e9f5b9c99d0122b1058c8e5a86c9a283d5b560b2acf2937312b0f858b9d43
  cleanup-protocol:
    version: 2.4.0
    sha256: 79af8387cc3219bc1a169561ec77a3349f435bcf0ce61c051f4692ec619765ec
  project-lifecycle:
    version: 2.4.0
    sha256: 37b2793346c8d38180d43486ed7ec0f8bb5f657fd01e9cae0da4650077335136
  skill-evolution:
    version: 1.2.0
    sha256: 149be48373c05e58e1127efd4dc329f3f0af516a836d31b99cb62b64e0a2cafd
  coding-principles:
    version: 1.2.0
    sha256: 7b4fb4e71e18e6e256776ff0918c8693815f060088485b5a72c2d886ee0c3770
  security-assurance:
    version: 1.0.0
    sha256: c0e4226a0c8630d25b234a52097fad7dd08fe817eb3a22e1f5045fb1faffc847
project:
  protocol_root: .contract-engineering
development:
  status: released
  ref: 68bd77db8c4db5dcc54bfc3e68091f9090febf3b
  based_on_release: 2.5.7
  reason: v2.5.7 is the corrective release that restores unrelated tracker ownership and binds the full attestation subject SHA while retaining v2.5.4 as the verified rollback release.
  consumer_action: Synchronize from the locked ref after running the protocol preflight.
  skills:
    phased-engineering-execution:
      version: 2.5.0
      sha256: e67e9f5b9c99d0122b1058c8e5a86c9a283d5b560b2acf2937312b0f858b9d43
    cleanup-protocol:
      version: 2.4.0
      sha256: 79af8387cc3219bc1a169561ec77a3349f435bcf0ce61c051f4692ec619765ec
    project-lifecycle:
      version: 2.4.0
      sha256: 37b2793346c8d38180d43486ed7ec0f8bb5f657fd01e9cae0da4650077335136
    skill-evolution:
      version: 1.2.0
      sha256: 149be48373c05e58e1127efd4dc329f3f0af516a836d31b99cb62b64e0a2cafd
    coding-principles:
      version: 1.2.0
      sha256: 7b4fb4e71e18e6e256776ff0918c8693815f060088485b5a72c2d886ee0c3770
    security-assurance:
      version: 1.0.0
      sha256: c0e4226a0c8630d25b234a52097fad7dd08fe817eb3a22e1f5045fb1faffc847
